
Microsoft Visual Studio Solution File, Format Version 12.00
# Visual Studio Version 17
VisualStudioVersion = 17.3.32811.315
MinimumVisualStudioVersion = 10.0.40219.1
Project("{FAE04EC0-301F-11D3-BF4B-00C04F79EFBC}") = "Test projekt", "Test projekt\Test projekt.csproj", "{2793CCEC-78F5-45B9-A52A-D9F0A4EC2987}"
EndProject
Global
	GlobalSection(SolutionConfigurationPlatforms) = preSolution
		Debug|Any CPU = Debug|Any CPU
		Release|Any CPU = Release|Any CPU
	EndGlobalSection
	GlobalSection(ProjectConfigurationPlatforms) = postSolution
		{2793CCEC-78F5-45B9-A52A-D9F0A4EC2987}.Debug|Any CPU.ActiveCfg = Debug|Any CPU
		{2793CCEC-78F5-45B9-A52A-D9F0A4EC2987}.Debug|Any CPU.Build.0 = Debug|Any CPU
		{2793CCEC-78F5-45B9-A52A-D9F0A4EC2987}.Release|Any CPU.ActiveCfg = Release|Any CPU
		{2793CCEC-78F5-45B9-A52A-D9F0A4EC2987}.Release|Any CPU.Build.0 = Release|Any CPU
	EndGlobalSection
	GlobalSection(SolutionProperties) = preSolution
		HideSolutionNode = FALSE
	EndGlobalSection
	GlobalSection(ExtensibilityGlobals) = postSolution
		SolutionGuid = {7803EA8F-BDD0-4DC5-947C-79FAC22E9CF8}
	EndGlobalSection
EndGlobal
